# This file is automatically @generated by Cargo.
# It is not intended for manual editing.
version = 4

[[package]]
name = "helptext"
version = "0.1.1"
source = "registry+https://github.com/rust-lang/crates.io-index"
checksum = "1414477f020f1eabd1598459fb57b3ef77eb5f0beceedcbb478d9b9a8b9e9e4f"

[[package]]
name = "tosk"
version = "1.0.0"
dependencies = [
 "helptext",
]
